// !$*UTF8*$!
{
	archiveVersion = 1;
	classes = {
	};
	objectVersion = 46;
	objects = {

/* Begin PBXBuildFile section */
		531D547061FFB62E38DA052B /* libPods-EnglishTeachingAPP.a in Frameworks */ = {isa = PBXBuildFile; fileRef = C6D8B0DAF0A971604AE50D80 /* libPods-EnglishTeachingAPP.a */; };
		BE1D18D51F8F0CF300B4ABC4 /* main.m in Sources */ = {isa = PBXBuildFile; fileRef = BE1D18D41F8F0CF300B4ABC4 /* main.m */; };
		BE1D18DE1F8F0CF300B4ABC4 /* Main.storyboard in Resources */ = {isa = PBXBuildFile; fileRef = BE1D18DC1F8F0CF300B4ABC4 /* Main.storyboard */; };
		BE1D18E31F8F0CF300B4ABC4 /* LaunchScreen.storyboard in Resources */ = {isa = PBXBuildFile; fileRef = BE1D18E11F8F0CF300B4ABC4 /* LaunchScreen.storyboard */; };
		BE1D193E1F8F111400B4ABC4 /* MainTabbarController.m in Sources */ = {isa = PBXBuildFile; fileRef = BE1D19271F8F111400B4ABC4 /* MainTabbarController.m */; };
		BE1D19411F8F114500B4ABC4 /* AppDelegate.m in Sources */ = {isa = PBXBuildFile; fileRef = BE1D19401F8F114500B4ABC4 /* AppDelegate.m */; };
		BE1D19471F8F115A00B4ABC4 /* ShopViewController.m in Sources */ = {isa = PBXBuildFile; fileRef = BE1D19461F8F115A00B4ABC4 /* ShopViewController.m */; };
		BE1D194A1F8F118100B4ABC4 /* HomeTableViewController.m in Sources */ = {isa = PBXBuildFile; fileRef = BE1D19491F8F118100B4ABC4 /* HomeTableViewController.m */; };
		BE1D19541F8F134D00B4ABC4 /* LeftSlideViewController.m in Sources */ = {isa = PBXBuildFile; fileRef = BE1D19511F8F134D00B4ABC4 /* LeftSlideViewController.m */; };
		BE1D19551F8F134D00B4ABC4 /* UIView_extra.m in Sources */ = {isa = PBXBuildFile; fileRef = BE1D19531F8F134D00B4ABC4 /* UIView_extra.m */; };
		BE1D19611F8F144D00B4ABC4 /* LeftViewController.m in Sources */ = {isa = PBXBuildFile; fileRef = BE1D195F1F8F144D00B4ABC4 /* LeftViewController.m */; };
		BE1D19621F8F144D00B4ABC4 /* LeftViewController.xib in Resources */ = {isa = PBXBuildFile; fileRef = BE1D19601F8F144D00B4ABC4 /* LeftViewController.xib */; };
		BE1D19641F8F3A9E00B4ABC4 /* Assets.xcassets in Resources */ = {isa = PBXBuildFile; fileRef = BE1D19631F8F3A9E00B4ABC4 /* Assets.xcassets */; };
		BE1D196A1F8F476E00B4ABC4 /* MainNaviController.m in Sources */ = {isa = PBXBuildFile; fileRef = BE1D19691F8F476E00B4ABC4 /* MainNaviController.m */; };
		BE1D19711F8F487600B4ABC4 /* MessageTableViewController.m in Sources */ = {isa = PBXBuildFile; fileRef = BE1D196F1F8F487600B4ABC4 /* MessageTableViewController.m */; };
		BE1D19721F8F487600B4ABC4 /* MessageTableViewController.xib in Resources */ = {isa = PBXBuildFile; fileRef = BE1D19701F8F487600B4ABC4 /* MessageTableViewController.xib */; };
		BE1D19761F8F489800B4ABC4 /* SettingsTableViewController.m in Sources */ = {isa = PBXBuildFile; fileRef = BE1D19741F8F489800B4ABC4 /* SettingsTableViewController.m */; };
		BE1D19771F8F489800B4ABC4 /* SettingsTableViewController.xib in Resources */ = {isa = PBXBuildFile; fileRef = BE1D19751F8F489800B4ABC4 /* SettingsTableViewController.xib */; };
		BE1D19801F8F48D700B4ABC4 /* GroupsTableViewController.m in Sources */ = {isa = PBXBuildFile; fileRef = BE1D197E1F8F48D700B4ABC4 /* GroupsTableViewController.m */; };
		BE1D19811F8F48D700B4ABC4 /* GroupsTableViewController.xib in Resources */ = {isa = PBXBuildFile; fileRef = BE1D197F1F8F48D700B4ABC4 /* GroupsTableViewController.xib */; };
		BE1D19851F8F48E800B4ABC4 /* FriendTableViewController.m in Sources */ = {isa = PBXBuildFile; fileRef = BE1D19831F8F48E800B4ABC4 /* FriendTableViewController.m */; };
		BE1D19861F8F48E800B4ABC4 /* FriendTableViewController.xib in Resources */ = {isa = PBXBuildFile; fileRef = BE1D19841F8F48E800B4ABC4 /* FriendTableViewController.xib */; };
		BE1D198A1F8F490400B4ABC4 /* StudentTableViewController.m in Sources */ = {isa = PBXBuildFile; fileRef = BE1D19881F8F490400B4ABC4 /* StudentTableViewController.m */; };
		BE1D198B1F8F490400B4ABC4 /* StudentTableViewController.xib in Resources */ = {isa = PBXBuildFile; fileRef = BE1D19891F8F490400B4ABC4 /* StudentTableViewController.xib */; };
		BE1D19951F8F59D800B4ABC4 /* LoginViewController.m in Sources */ = {isa = PBXBuildFile; fileRef = BE1D19931F8F59D800B4ABC4 /* LoginViewController.m */; };
		BE1D19961F8F59D800B4ABC4 /* LoginViewController.xib in Resources */ = {isa = PBXBuildFile; fileRef = BE1D19941F8F59D800B4ABC4 /* LoginViewController.xib */; };
		BE1D199A1F8F5A2100B4ABC4 /* WelcomeViewController.m in Sources */ = {isa = PBXBuildFile; fileRef = BE1D19981F8F5A2100B4ABC4 /* WelcomeViewController.m */; };
		BE1D199B1F8F5A2100B4ABC4 /* WelcomeViewController.xib in Resources */ = {isa = PBXBuildFile; fileRef = BE1D19991F8F5A2100B4ABC4 /* WelcomeViewController.xib */; };
		BE1D19A21F8F5C5900B4ABC4 /* RegistrationViewController.m in Sources */ = {isa = PBXBuildFile; fileRef = BE1D19A01F8F5C5900B4ABC4 /* RegistrationViewController.m */; };
		BE1D19A31F8F5C5900B4ABC4 /* RegistrationViewController.xib in Resources */ = {isa = PBXBuildFile; fileRef = BE1D19A11F8F5C5900B4ABC4 /* RegistrationViewController.xib */; };
		BE1D19A51F8F69F700B4ABC4 /* Podfile in Resources */ = {isa = PBXBuildFile; fileRef = BE1D19A41F8F69F700B4ABC4 /* Podfile */; };
		BE1D19B31F905F9E00B4ABC4 /* SettingInfoViewController.m in Sources */ = {isa = PBXBuildFile; fileRef = BE1D19B11F905F9E00B4ABC4 /* SettingInfoViewController.m */; };
		BE1D19B41F905F9E00B4ABC4 /* SettingInfoViewController.xib in Resources */ = {isa = PBXBuildFile; fileRef = BE1D19B21F905F9E00B4ABC4 /* SettingInfoViewController.xib */; };
		BE1D19B71F90663A00B4ABC4 /* MainTableViewController.m in Sources */ = {isa = PBXBuildFile; fileRef = BE1D19B61F90663A00B4ABC4 /* MainTableViewController.m */; };
		BE1DE8071F906C8F009AB1B7 /* HomeTabbarViewController.m in Sources */ = {isa = PBXBuildFile; fileRef = BE1DE8061F906C8F009AB1B7 /* HomeTabbarViewController.m */; };
		BE1DE80E1F906D8E009AB1B7 /* RankingViewController.m in Sources */ = {isa = PBXBuildFile; fileRef = BE1DE80D1F906D8E009AB1B7 /* RankingViewController.m */; };
		BE1DE8111F906DD6009AB1B7 /* HomeworkViewController.m in Sources */ = {isa = PBXBuildFile; fileRef = BE1DE8101F906DD6009AB1B7 /* HomeworkViewController.m */; };
		BED6A80D1F90B5AB00FA0C62 /* RNFrostedSidebar.m in Sources */ = {isa = PBXBuildFile; fileRef = BED6A80C1F90B5AB00FA0C62 /* RNFrostedSidebar.m */; };
		BED6A8111F935FB300FA0C62 /* RegistrationStudentViewController.m in Sources */ = {isa = PBXBuildFile; fileRef = BED6A80F1F935FB300FA0C62 /* RegistrationStudentViewController.m */; };
		BED6A8121F935FB300FA0C62 /* RegistrationStudentViewController.xib in Resources */ = {isa = PBXBuildFile; fileRef = BED6A8101F935FB300FA0C62 /* RegistrationStudentViewController.xib */; };
		BED6A8151F95E10200FA0C62 /* Utlis.m in Sources */ = {isa = PBXBuildFile; fileRef = BED6A8141F95E10200FA0C62 /* Utlis.m */; };
		BED6A8171F95E14200FA0C62 /* AVFoundation.framework in Frameworks */ = {isa = PBXBuildFile; fileRef = BED6A8161F95E14200FA0C62 /* AVFoundation.framework */; };
		BED6A81B1F96009600FA0C62 /* StudentListCell.m in Sources */ = {isa = PBXBuildFile; fileRef = BED6A8191F96009600FA0C62 /* StudentListCell.m */; };
		BED6A81C1F96009600FA0C62 /* StudentListCell.xib in Resources */ = {isa = PBXBuildFile; fileRef = BED6A81A1F96009600FA0C62 /* StudentListCell.xib */; };
/* End PBXBuildFile section */

/* Begin PBXFileReference section */
		11EB39BA1CF9C0C1549869A3 /* Pods-EnglishTeachingAPP.debug.xcconfig */ = {isa = PBXFileReference; includeInIndex = 1; lastKnownFileType = text.xcconfig; name = "Pods-EnglishTeachingAPP.debug.xcconfig"; path = "Pods/Target Support Files/Pods-EnglishTeachingAPP/Pods-EnglishTeachingAPP.debug.xcconfig"; sourceTree = "<group>"; };
		94893A3FA1D005E525B6A1F2 /* Pods-EnglishTeachingAPP.release.xcconfig */ = {isa = PBXFileReference; includeInIndex = 1; lastKnownFileType = text.xcconfig; name = "Pods-EnglishTeachingAPP.release.xcconfig"; path = "Pods/Target Support Files/Pods-EnglishTeachingAPP/Pods-EnglishTeachingAPP.release.xcconfig"; sourceTree = "<group>"; };
		BE1D18D01F8F0CF300B4ABC4 /* EnglishTeachingAPP.app */ = {isa = PBXFileReference; explicitFileType = wrapper.application; includeInIndex = 0; path = EnglishTeachingAPP.app; sourceTree = BUILT_PRODUCTS_DIR; };
		BE1D18D41F8F0CF300B4ABC4 /* main.m */ = {isa = PBXFileReference; lastKnownFileType = sourcecode.c.objc; path = main.m; sourceTree = "<group>"; };
		BE1D18DD1F8F0CF300B4ABC4 /* Base */ = {isa = PBXFileReference; lastKnownFileType = file.storyboard; name = Base; path = Base.lproj/Main.storyboard; sourceTree = "<group>"; };
		BE1D18E21F8F0CF300B4ABC4 /* Base */ = {isa = PBXFileReference; lastKnownFileType = file.storyboard; name = Base; path = Base.lproj/LaunchScreen.storyboard; sourceTree = "<group>"; };
		BE1D18E41F8F0CF300B4ABC4 /* Info.plist */ = {isa = PBXFileReference; lastKnownFileType = text.plist.xml; path = Info.plist; sourceTree = "<group>"; };
		BE1D19261F8F111400B4ABC4 /* MainTabbarController.h */ = {isa = PBXFileReference; fileEncoding = 4; lastKnownFileType = sourcecode.c.h; path = MainTabbarController.h; sourceTree = "<group>"; };
		BE1D19271F8F111400B4ABC4 /* MainTabbarController.m */ = {isa = PBXFileReference; fileEncoding = 4; lastKnownFileType = sourcecode.c.objc; path = MainTabbarController.m; sourceTree = "<group>"; };
		BE1D193F1F8F114500B4ABC4 /* AppDelegate.h */ = {isa = PBXFileReference; fileEncoding = 4; lastKnownFileType = sourcecode.c.h; path = AppDelegate.h; sourceTree = "<group>"; };
		BE1D19401F8F114500B4ABC4 /* AppDelegate.m */ = {isa = PBXFileReference; fileEncoding = 4; lastKnownFileType = sourcecode.c.objc; path = AppDelegate.m; sourceTree = "<group>"; };
		BE1D19451F8F115A00B4ABC4 /* ShopViewController.h */ = {isa = PBXFileReference; fileEncoding = 4; lastKnownFileType = sourcecode.c.h; path = ShopViewController.h; sourceTree = "<group>"; };
		BE1D19461F8F115A00B4ABC4 /* ShopViewController.m */ = {isa = PBXFileReference; fileEncoding = 4; lastKnownFileType = sourcecode.c.objc; path = ShopViewController.m; sourceTree = "<group>"; };
		BE1D19481F8F118100B4ABC4 /* HomeTableViewController.h */ = {isa = PBXFileReference; fileEncoding = 4; lastKnownFileType = sourcecode.c.h; path = HomeTableViewController.h; sourceTree = "<group>"; };
		BE1D19491F8F118100B4ABC4 /* HomeTableViewController.m */ = {isa = PBXFileReference; fileEncoding = 4; lastKnownFileType = sourcecode.c.objc; path = HomeTableViewController.m; sourceTree = "<group>"; };
		BE1D19501F8F134D00B4ABC4 /* LeftSlideViewController.h */ = {isa = PBXFileReference; fileEncoding = 4; lastKnownFileType = sourcecode.c.h; path = LeftSlideViewController.h; sourceTree = "<group>"; };
		BE1D19511F8F134D00B4ABC4 /* LeftSlideViewController.m */ = {isa = PBXFileReference; fileEncoding = 4; lastKnownFileType = sourcecode.c.objc; path = LeftSlideViewController.m; sourceTree = "<group>"; };
		BE1D19521F8F134D00B4ABC4 /* UIView_extra.h */ = {isa = PBXFileReference; fileEncoding = 4; lastKnownFileType = sourcecode.c.h; path = UIView_extra.h; sourceTree = "<group>"; };
		BE1D19531F8F134D00B4ABC4 /* UIView_extra.m */ = {isa = PBXFileReference; fileEncoding = 4; lastKnownFileType = sourcecode.c.objc; path = UIView_extra.m; sourceTree = "<group>"; };
		BE1D195E1F8F144D00B4ABC4 /* LeftViewController.h */ = {isa = PBXFileReference; fileEncoding = 4; lastKnownFileType = sourcecode.c.h; path = LeftViewController.h; sourceTree = "<group>"; };
		BE1D195F1F8F144D00B4ABC4 /* LeftViewController.m */ = {isa = PBXFileReference; fileEncoding = 4; lastKnownFileType = sourcecode.c.objc; path = LeftViewController.m; sourceTree = "<group>"; };
		BE1D19601F8F144D00B4ABC4 /* LeftViewController.xib */ = {isa = PBXFileReference; fileEncoding = 4; lastKnownFileType = file.xib; path = LeftViewController.xib; sourceTree = "<group>"; };
		BE1D19631F8F3A9E00B4ABC4 /* Assets.xcassets */ = {isa = PBXFileReference; lastKnownFileType = folder.assetcatalog; path = Assets.xcassets; sourceTree = "<group>"; };
		BE1D19681F8F476E00B4ABC4 /* MainNaviController.h */ = {isa = PBXFileReference; fileEncoding = 4; lastKnownFileType = sourcecode.c.h; path = MainNaviController.h; sourceTree = "<group>"; };
		BE1D19691F8F476E00B4ABC4 /* MainNaviController.m */ = {isa = PBXFileReference; fileEncoding = 4; lastKnownFileType = sourcecode.c.objc; path = MainNaviController.m; sourceTree = "<group>"; };
		BE1D196E1F8F487600B4ABC4 /* MessageTableViewController.h */ = {isa = PBXFileReference; fileEncoding = 4; lastKnownFileType = sourcecode.c.h; path = MessageTableViewController.h; sourceTree = "<group>"; };
		BE1D196F1F8F487600B4ABC4 /* MessageTableViewController.m */ = {isa = PBXFileReference; fileEncoding = 4; lastKnownFileType = sourcecode.c.objc; path = MessageTableViewController.m; sourceTree = "<group>"; };
		BE1D19701F8F487600B4ABC4 /* MessageTableViewController.xib */ = {isa = PBXFileReference; fileEncoding = 4; lastKnownFileType = file.xib; path = MessageTableViewController.xib; sourceTree = "<group>"; };
		BE1D19731F8F489800B4ABC4 /* SettingsTableViewController.h */ = {isa = PBXFileReference; fileEncoding = 4; lastKnownFileType = sourcecode.c.h; path = SettingsTableViewController.h; sourceTree = "<group>"; };
		BE1D19741F8F489800B4ABC4 /* SettingsTableViewController.m */ = {isa = PBXFileReference; fileEncoding = 4; lastKnownFileType = sourcecode.c.objc; path = SettingsTableViewController.m; sourceTree = "<group>"; };
		BE1D19751F8F489800B4ABC4 /* SettingsTableViewController.xib */ = {isa = PBXFileReference; fileEncoding = 4; lastKnownFileType = file.xib; path = SettingsTableViewController.xib; sourceTree = "<group>"; };
		BE1D197D1F8F48D700B4ABC4 /* GroupsTableViewController.h */ = {isa = PBXFileReference; fileEncoding = 4; lastKnownFileType = sourcecode.c.h; path = GroupsTableViewController.h; sourceTree = "<group>"; };
		BE1D197E1F8F48D700B4ABC4 /* GroupsTableViewController.m */ = {isa = PBXFileReference; fileEncoding = 4; lastKnownFileType = sourcecode.c.objc; path = GroupsTableViewController.m; sourceTree = "<group>"; };
		BE1D197F1F8F48D700B4ABC4 /* GroupsTableViewController.xib */ = {isa = PBXFileReference; fileEncoding = 4; lastKnownFileType = file.xib; path = GroupsTableViewController.xib; sourceTree = "<group>"; };
		BE1D19821F8F48E800B4ABC4 /* FriendTableViewController.h */ = {isa = PBXFileReference; fileEncoding = 4; lastKnownFileType = sourcecode.c.h; path = FriendTableViewController.h; sourceTree = "<group>"; };
		BE1D19831F8F48E800B4ABC4 /* FriendTableViewController.m */ = {isa = PBXFileReference; fileEncoding = 4; lastKnownFileType = sourcecode.c.objc; path = FriendTableViewController.m; sourceTree = "<group>"; };
		BE1D19841F8F48E800B4ABC4 /* FriendTableViewController.xib */ = {isa = PBXFileReference; fileEncoding = 4; lastKnownFileType = file.xib; path = FriendTableViewController.xib; sourceTree = "<group>"; };
		BE1D19871F8F490400B4ABC4 /* StudentTableViewController.h */ = {isa = PBXFileReference; fileEncoding = 4; lastKnownFileType = sourcecode.c.h; path = StudentTableViewController.h; sourceTree = "<group>"; };
		BE1D19881F8F490400B4ABC4 /* StudentTableViewController.m */ = {isa = PBXFileReference; fileEncoding = 4; lastKnownFileType = sourcecode.c.objc; path = StudentTableViewController.m; sourceTree = "<group>"; };
		BE1D19891F8F490400B4ABC4 /* StudentTableViewController.xib */ = {isa = PBXFileReference; fileEncoding = 4; lastKnownFileType = file.xib; path = StudentTableViewController.xib; sourceTree = "<group>"; };
		BE1D19921F8F59D800B4ABC4 /* LoginViewController.h */ = {isa = PBXFileReference; fileEncoding = 4; lastKnownFileType = sourcecode.c.h; path = LoginViewController.h; sourceTree = "<group>"; };
		BE1D19931F8F59D800B4ABC4 /* LoginViewController.m */ = {isa = PBXFileReference; fileEncoding = 4; lastKnownFileType = sourcecode.c.objc; path = LoginViewController.m; sourceTree = "<group>"; };
		BE1D19941F8F59D800B4ABC4 /* LoginViewController.xib */ = {isa = PBXFileReference; fileEncoding = 4; lastKnownFileType = file.xib; path = LoginViewController.xib; sourceTree = "<group>"; };
		BE1D19971F8F5A2100B4ABC4 /* WelcomeViewController.h */ = {isa = PBXFileReference; fileEncoding = 4; lastKnownFileType = sourcecode.c.h; path = WelcomeViewController.h; sourceTree = "<group>"; };
		BE1D19981F8F5A2100B4ABC4 /* WelcomeViewController.m */ = {isa = PBXFileReference; fileEncoding = 4; lastKnownFileType = sourcecode.c.objc; path = WelcomeViewController.m; sourceTree = "<group>"; };
		BE1D19991F8F5A2100B4ABC4 /* WelcomeViewController.xib */ = {isa = PBXFileReference; fileEncoding = 4; lastKnownFileType = file.xib; path = WelcomeViewController.xib; sourceTree = "<group>"; };
		BE1D199F1F8F5C5900B4ABC4 /* RegistrationViewController.h */ = {isa = PBXFileReference; fileEncoding = 4; lastKnownFileType = sourcecode.c.h; path = RegistrationViewController.h; sourceTree = "<group>"; };
		BE1D19A01F8F5C5900B4ABC4 /* RegistrationViewController.m */ = {isa = PBXFileReference; fileEncoding = 4; lastKnownFileType = sourcecode.c.objc; path = RegistrationViewController.m; sourceTree = "<group>"; };
		BE1D19A11F8F5C5900B4ABC4 /* RegistrationViewController.xib */ = {isa = PBXFileReference; fileEncoding = 4; lastKnownFileType = file.xib; path = RegistrationViewController.xib; sourceTree = "<group>"; };
		BE1D19A41F8F69F700B4ABC4 /* Podfile */ = {isa = PBXFileReference; fileEncoding = 4; lastKnownFileType = text; path = Podfile; sourceTree = "<group>"; };
		BE1D19A61F8F6B7400B4ABC4 /* PrefixHeader.pch */ = {isa = PBXFileReference; lastKnownFileType = sourcecode.c.h; path = PrefixHeader.pch; sourceTree = "<group>"; };
		BE1D19B01F905F9E00B4ABC4 /* SettingInfoViewController.h */ = {isa = PBXFileReference; fileEncoding = 4; lastKnownFileType = sourcecode.c.h; path = SettingInfoViewController.h; sourceTree = "<group>"; };
		BE1D19B11F905F9E00B4ABC4 /* SettingInfoViewController.m */ = {isa = PBXFileReference; fileEncoding = 4; lastKnownFileType = sourcecode.c.objc; path = SettingInfoViewController.m; sourceTree = "<group>"; };
		BE1D19B21F905F9E00B4ABC4 /* SettingInfoViewController.xib */ = {isa = PBXFileReference; fileEncoding = 4; lastKnownFileType = file.xib; path = SettingInfoViewController.xib; sourceTree = "<group>"; };
		BE1D19B51F90663A00B4ABC4 /* MainTableViewController.h */ = {isa = PBXFileReference; fileEncoding = 4; lastKnownFileType = sourcecode.c.h; path = MainTableViewController.h; sourceTree = "<group>"; };
		BE1D19B61F90663A00B4ABC4 /* MainTableViewController.m */ = {isa = PBXFileReference; fileEncoding = 4; lastKnownFileType = sourcecode.c.objc; path = MainTableViewController.m; sourceTree = "<group>"; };
		BE1DE8051F906C8F009AB1B7 /* HomeTabbarViewController.h */ = {isa = PBXFileReference; fileEncoding = 4; lastKnownFileType = sourcecode.c.h; path = HomeTabbarViewController.h; sourceTree = "<group>"; };
		BE1DE8061F906C8F009AB1B7 /* HomeTabbarViewController.m */ = {isa = PBXFileReference; fileEncoding = 4; lastKnownFileType = sourcecode.c.objc; path = HomeTabbarViewController.m; sourceTree = "<group>"; };
		BE1DE80C1F906D8E009AB1B7 /* RankingViewController.h */ = {isa = PBXFileReference; fileEncoding = 4; lastKnownFileType = sourcecode.c.h; path = RankingViewController.h; sourceTree = "<group>"; };
		BE1DE80D1F906D8E009AB1B7 /* RankingViewController.m */ = {isa = PBXFileReference; fileEncoding = 4; lastKnownFileType = sourcecode.c.objc; path = RankingViewController.m; sourceTree = "<group>"; };
		BE1DE80F1F906DD6009AB1B7 /* HomeworkViewController.h */ = {isa = PBXFileReference; fileEncoding = 4; lastKnownFileType = sourcecode.c.h; path = HomeworkViewController.h; sourceTree = "<group>"; };
		BE1DE8101F906DD6009AB1B7 /* HomeworkViewController.m */ = {isa = PBXFileReference; fileEncoding = 4; lastKnownFileType = sourcecode.c.objc; path = HomeworkViewController.m; sourceTree = "<group>"; };
		BED6A80B1F90B5AB00FA0C62 /* RNFrostedSidebar.h */ = {isa = PBXFileReference; fileEncoding = 4; lastKnownFileType = sourcecode.c.h; path = RNFrostedSidebar.h; sourceTree = "<group>"; };
		BED6A80C1F90B5AB00FA0C62 /* RNFrostedSidebar.m */ = {isa = PBXFileReference; fileEncoding = 4; lastKnownFileType = sourcecode.c.objc; path = RNFrostedSidebar.m; sourceTree = "<group>"; };
		BED6A80E1F935FB300FA0C62 /* RegistrationStudentViewController.h */ = {isa = PBXFileReference; fileEncoding = 4; lastKnownFileType = sourcecode.c.h; path = RegistrationStudentViewController.h; sourceTree = "<group>"; };
		BED6A80F1F935FB300FA0C62 /* RegistrationStudentViewController.m */ = {isa = PBXFileReference; fileEncoding = 4; lastKnownFileType = sourcecode.c.objc; path = RegistrationStudentViewController.m; sourceTree = "<group>"; };
		BED6A8101F935FB300FA0C62 /* RegistrationStudentViewController.xib */ = {isa = PBXFileReference; fileEncoding = 4; lastKnownFileType = file.xib; path = RegistrationStudentViewController.xib; sourceTree = "<group>"; };
		BED6A8131F95E10200FA0C62 /* Utlis.h */ = {isa = PBXFileReference; fileEncoding = 4; lastKnownFileType = sourcecode.c.h; path = Utlis.h; sourceTree = "<group>"; };
		BED6A8141F95E10200FA0C62 /* Utlis.m */ = {isa = PBXFileReference; fileEncoding = 4; lastKnownFileType = sourcecode.c.objc; path = Utlis.m; sourceTree = "<group>"; };
		BED6A8161F95E14200FA0C62 /* AVFoundation.framework */ = {isa = PBXFileReference; lastKnownFileType = wrapper.framework; name = AVFoundation.framework; path = System/Library/Frameworks/AVFoundation.framework; sourceTree = SDKROOT; };
		BED6A8181F96009600FA0C62 /* StudentListCell.h */ = {isa = PBXFileReference; fileEncoding = 4; lastKnownFileType = sourcecode.c.h; path = StudentListCell.h; sourceTree = "<group>"; };
		BED6A8191F96009600FA0C62 /* StudentListCell.m */ = {isa = PBXFileReference; fileEncoding = 4; lastKnownFileType = sourcecode.c.objc; path = StudentListCell.m; sourceTree = "<group>"; };
		BED6A81A1F96009600FA0C62 /* StudentListCell.xib */ = {isa = PBXFileReference; fileEncoding = 4; lastKnownFileType = file.xib; path = StudentListCell.xib; sourceTree = "<group>"; };
		C6D8B0DAF0A971604AE50D80 /* libPods-EnglishTeachingAPP.a */ = {isa = PBXFileReference; explicitFileType = archive.ar; includeInIndex = 0; path = "libPods-EnglishTeachingAPP.a"; sourceTree = BUILT_PRODUCTS_DIR; };
/* End PBXFileReference section */

/* Begin PBXFrameworksBuildPhase section */
		BE1D18CD1F8F0CF300B4ABC4 /* Frameworks */ = {
			isa = PBXFrameworksBuildPhase;
			buildActionMask = 2147483647;
			files = (
				BED6A8171F95E14200FA0C62 /* AVFoundation.framework in Frameworks */,
				531D547061FFB62E38DA052B /* libPods-EnglishTeachingAPP.a in Frameworks */,
			);
			runOnlyForDeploymentPostprocessing = 0;
		};
/* End PBXFrameworksBuildPhase section */

/* Begin PBXGroup section */
		57AACF08CADE948423EF7B12 /* Pods */ = {
			isa = PBXGroup;
			children = (
				11EB39BA1CF9C0C1549869A3 /* Pods-EnglishTeachingAPP.debug.xcconfig */,
				94893A3FA1D005E525B6A1F2 /* Pods-EnglishTeachingAPP.release.xcconfig */,
			);
			name = Pods;
			sourceTree = "<group>";
		};
		80EC54CF1E8DF5A96EAD3CA2 /* Frameworks */ = {
			isa = PBXGroup;
			children = (
				BED6A8161F95E14200FA0C62 /* AVFoundation.framework */,
				C6D8B0DAF0A971604AE50D80 /* libPods-EnglishTeachingAPP.a */,
			);
			name = Frameworks;
			sourceTree = "<group>";
		};
		BE1D18C71F8F0CF300B4ABC4 = {
			isa = PBXGroup;
			children = (
				BE1D19A41F8F69F700B4ABC4 /* Podfile */,
				BE1D18D21F8F0CF300B4ABC4 /* EnglishTeachingAPP */,
				BE1D18D11F8F0CF300B4ABC4 /* Products */,
				57AACF08CADE948423EF7B12 /* Pods */,
				80EC54CF1E8DF5A96EAD3CA2 /* Frameworks */,
			);
			sourceTree = "<group>";
		};
		BE1D18D11F8F0CF300B4ABC4 /* Products */ = {
			isa = PBXGroup;
			children = (
				BE1D18D01F8F0CF300B4ABC4 /* EnglishTeachingAPP.app */,
			);
			name = Products;
			sourceTree = "<group>";
		};
		BE1D18D21F8F0CF300B4ABC4 /* EnglishTeachingAPP */ = {
			isa = PBXGroup;
			children = (
				BE1D191B1F8F111400B4ABC4 /* Classes */,
				BE1D19141F8F101500B4ABC4 /* 3rdFrame */,
				BE1D18D31F8F0CF300B4ABC4 /* Supporting Files */,
			);
			path = EnglishTeachingAPP;
			sourceTree = "<group>";
		};
		BE1D18D31F8F0CF300B4ABC4 /* Supporting Files */ = {
			isa = PBXGroup;
			children = (
				BE1D19631F8F3A9E00B4ABC4 /* Assets.xcassets */,
				BE1D18DC1F8F0CF300B4ABC4 /* Main.storyboard */,
				BE1D18E11F8F0CF300B4ABC4 /* LaunchScreen.storyboard */,
				BE1D18E41F8F0CF300B4ABC4 /* Info.plist */,
				BE1D18D41F8F0CF300B4ABC4 /* main.m */,
				BE1D19A61F8F6B7400B4ABC4 /* PrefixHeader.pch */,
			);
			name = "Supporting Files";
			sourceTree = "<group>";
		};
		BE1D19141F8F101500B4ABC4 /* 3rdFrame */ = {
			isa = PBXGroup;
			children = (
				BED6A80B1F90B5AB00FA0C62 /* RNFrostedSidebar.h */,
				BED6A80C1F90B5AB00FA0C62 /* RNFrostedSidebar.m */,
				BE1D194F1F8F134D00B4ABC4 /* LeftSlideViewController */,
			);
			path = 3rdFrame;
			sourceTree = "<group>";
		};
		BE1D191B1F8F111400B4ABC4 /* Classes */ = {
			isa = PBXGroup;
			children = (
				BE1DE8081F906D43009AB1B7 /* Homework */,
				BE1D19A71F90599B00B4ABC4 /* Teacher */,
				BE1D19AB1F90599B00B4ABC4 /* User */,
				BE1D19911F8F59D800B4ABC4 /* LoginAndregistration */,
				BE1D194B1F8F132700B4ABC4 /* LeftSlide */,
				BE1D191C1F8F111400B4ABC4 /* FriendList */,
				BE1D19201F8F111400B4ABC4 /* GroupList */,
				BE1D19241F8F111400B4ABC4 /* Main */,
				BE1D192A1F8F111400B4ABC4 /* MessageList */,
				BE1D192E1F8F111400B4ABC4 /* RankingList */,
				BE1D19321F8F111400B4ABC4 /* Setting */,
				BE1D19361F8F111400B4ABC4 /* Shop */,
				BE1D193A1F8F111400B4ABC4 /* StudentList */,
			);
			path = Classes;
			sourceTree = "<group>";
		};
		BE1D191C1F8F111400B4ABC4 /* FriendList */ = {
			isa = PBXGroup;
			children = (
				BE1D191D1F8F111400B4ABC4 /* Controller */,
				BE1D191E1F8F111400B4ABC4 /* Model */,
				BE1D191F1F8F111400B4ABC4 /* View */,
			);
			path = FriendList;
			sourceTree = "<group>";
		};
		BE1D191D1F8F111400B4ABC4 /* Controller */ = {
			isa = PBXGroup;
			children = (
				BE1D19821F8F48E800B4ABC4 /* FriendTableViewController.h */,
				BE1D19831F8F48E800B4ABC4 /* FriendTableViewController.m */,
				BE1D19841F8F48E800B4ABC4 /* FriendTableViewController.xib */,
			);
			path = Controller;
			sourceTree = "<group>";
		};
		BE1D191E1F8F111400B4ABC4 /* Model */ = {
			isa = PBXGroup;
			children = (
			);
			path = Model;
			sourceTree = "<group>";
		};
		BE1D191F1F8F111400B4ABC4 /* View */ = {
			isa = PBXGroup;
			children = (
			);
			path = View;
			sourceTree = "<group>";
		};
		BE1D19201F8F111400B4ABC4 /* GroupList */ = {
			isa = PBXGroup;
			children = (
				BE1D19211F8F111400B4ABC4 /* Controller */,
				BE1D19221F8F111400B4ABC4 /* Model */,
				BE1D19231F8F111400B4ABC4 /* View */,
			);
			path = GroupList;
			sourceTree = "<group>";
		};
		BE1D19211F8F111400B4ABC4 /* Controller */ = {
			isa = PBXGroup;
			children = (
				BE1D197D1F8F48D700B4ABC4 /* GroupsTableViewController.h */,
				BE1D197E1F8F48D700B4ABC4 /* GroupsTableViewController.m */,
				BE1D197F1F8F48D700B4ABC4 /* GroupsTableViewController.xib */,
			);
			path = Controller;
			sourceTree = "<group>";
		};
		BE1D19221F8F111400B4ABC4 /* Model */ = {
			isa = PBXGroup;
			children = (
			);
			path = Model;
			sourceTree = "<group>";
		};
		BE1D19231F8F111400B4ABC4 /* View */ = {
			isa = PBXGroup;
			children = (
			);
			path = View;
			sourceTree = "<group>";
		};
		BE1D19241F8F111400B4ABC4 /* Main */ = {
			isa = PBXGroup;
			children = (
				BE1D193F1F8F114500B4ABC4 /* AppDelegate.h */,
				BE1D19401F8F114500B4ABC4 /* AppDelegate.m */,
				BE1D19261F8F111400B4ABC4 /* MainTabbarController.h */,
				BE1D19271F8F111400B4ABC4 /* MainTabbarController.m */,
				BE1D19681F8F476E00B4ABC4 /* MainNaviController.h */,
				BE1D19691F8F476E00B4ABC4 /* MainNaviController.m */,
				BE1D19B51F90663A00B4ABC4 /* MainTableViewController.h */,
				BE1D19B61F90663A00B4ABC4 /* MainTableViewController.m */,
				BE1D19AF1F9059B700B4ABC4 /* Utlis */,
				BE1D19251F8F111400B4ABC4 /* Controller */,
				BE1D19281F8F111400B4ABC4 /* Model */,
				BE1D19291F8F111400B4ABC4 /* View */,
				BE1DE8051F906C8F009AB1B7 /* HomeTabbarViewController.h */,
				BE1DE8061F906C8F009AB1B7 /* HomeTabbarViewController.m */,
			);
			path = Main;
			sourceTree = "<group>";
		};
		BE1D19251F8F111400B4ABC4 /* Controller */ = {
			isa = PBXGroup;
			children = (
				BE1D19481F8F118100B4ABC4 /* HomeTableViewController.h */,
				BE1D19491F8F118100B4ABC4 /* HomeTableViewController.m */,
			);
			path = Controller;
			sourceTree = "<group>";
		};
		BE1D19281F8F111400B4ABC4 /* Model */ = {
			isa = PBXGroup;
			children = (
			);
			path = Model;
			sourceTree = "<group>";
		};
		BE1D19291F8F111400B4ABC4 /* View */ = {
			isa = PBXGroup;
			children = (
			);
			path = View;
			sourceTree = "<group>";
		};
		BE1D192A1F8F111400B4ABC4 /* MessageList */ = {
			isa = PBXGroup;
			children = (
				BE1D192B1F8F111400B4ABC4 /* Controller */,
				BE1D192C1F8F111400B4ABC4 /* Model */,
				BE1D192D1F8F111400B4ABC4 /* View */,
			);
			path = MessageList;
			sourceTree = "<group>";
		};
		BE1D192B1F8F111400B4ABC4 /* Controller */ = {
			isa = PBXGroup;
			children = (
				BE1D196E1F8F487600B4ABC4 /* MessageTableViewController.h */,
				BE1D196F1F8F487600B4ABC4 /* MessageTableViewController.m */,
				BE1D19701F8F487600B4ABC4 /* MessageTableViewController.xib */,
			);
			path = Controller;
			sourceTree = "<group>";
		};
		BE1D192C1F8F111400B4ABC4 /* Model */ = {
			isa = PBXGroup;
			children = (
			);
			path = Model;
			sourceTree = "<group>";
		};
		BE1D192D1F8F111400B4ABC4 /* View */ = {
			isa = PBXGroup;
			children = (
			);
			path = View;
			sourceTree = "<group>";
		};
		BE1D192E1F8F111400B4ABC4 /* RankingList */ = {
			isa = PBXGroup;
			children = (
				BE1D192F1F8F111400B4ABC4 /* Controller */,
				BE1D19301F8F111400B4ABC4 /* Model */,
				BE1D19311F8F111400B4ABC4 /* View */,
			);
			path = RankingList;
			sourceTree = "<group>";
		};
		BE1D192F1F8F111400B4ABC4 /* Controller */ = {
			isa = PBXGroup;
			children = (
				BE1DE80C1F906D8E009AB1B7 /* RankingViewController.h */,
				BE1DE80D1F906D8E009AB1B7 /* RankingViewController.m */,
			);
			path = Controller;
			sourceTree = "<group>";
		};
		BE1D19301F8F111400B4ABC4 /* Model */ = {
			isa = PBXGroup;
			children = (
			);
			path = Model;
			sourceTree = "<group>";
		};
		BE1D19311F8F111400B4ABC4 /* View */ = {
			isa = PBXGroup;
			children = (
			);
			path = View;
			sourceTree = "<group>";
		};
		BE1D19321F8F111400B4ABC4 /* Setting */ = {
			isa = PBXGroup;
			children = (
				BE1D19331F8F111400B4ABC4 /* Controller */,
				BE1D19341F8F111400B4ABC4 /* Model */,
				BE1D19351F8F111400B4ABC4 /* View */,
			);
			path = Setting;
			sourceTree = "<group>";
		};
		BE1D19331F8F111400B4ABC4 /* Controller */ = {
			isa = PBXGroup;
			children = (
				BE1D19731F8F489800B4ABC4 /* SettingsTableViewController.h */,
				BE1D19741F8F489800B4ABC4 /* SettingsTableViewController.m */,
				BE1D19751F8F489800B4ABC4 /* SettingsTableViewController.xib */,
				BE1D19B01F905F9E00B4ABC4 /* SettingInfoViewController.h */,
				BE1D19B11F905F9E00B4ABC4 /* SettingInfoViewController.m */,
				BE1D19B21F905F9E00B4ABC4 /* SettingInfoViewController.xib */,
			);
			path = Controller;
			sourceTree = "<group>";
		};
		BE1D19341F8F111400B4ABC4 /* Model */ = {
			isa = PBXGroup;
			children = (
			);
			path = Model;
			sourceTree = "<group>";
		};
		BE1D19351F8F111400B4ABC4 /* View */ = {
			isa = PBXGroup;
			children = (
			);
			path = View;
			sourceTree = "<group>";
		};
		BE1D19361F8F111400B4ABC4 /* Shop */ = {
			isa = PBXGroup;
			children = (
				BE1D19371F8F111400B4ABC4 /* Controller */,
				BE1D19381F8F111400B4ABC4 /* Model */,
				BE1D19391F8F111400B4ABC4 /* View */,
			);
			path = Shop;
			sourceTree = "<group>";
		};
		BE1D19371F8F111400B4ABC4 /* Controller */ = {
			isa = PBXGroup;
			children = (
				BE1D19451F8F115A00B4ABC4 /* ShopViewController.h */,
				BE1D19461F8F115A00B4ABC4 /* ShopViewController.m */,
			);
			path = Controller;
			sourceTree = "<group>";
		};
		BE1D19381F8F111400B4ABC4 /* Model */ = {
			isa = PBXGroup;
			children = (
			);
			path = Model;
			sourceTree = "<group>";
		};
		BE1D19391F8F111400B4ABC4 /* View */ = {
			isa = PBXGroup;
			children = (
			);
			path = View;
			sourceTree = "<group>";
		};
		BE1D193A1F8F111400B4ABC4 /* StudentList */ = {
			isa = PBXGroup;
			children = (
				BE1D193B1F8F111400B4ABC4 /* Controller */,
				BE1D193C1F8F111400B4ABC4 /* Model */,
				BE1D193D1F8F111400B4ABC4 /* View */,
			);
			path = StudentList;
			sourceTree = "<group>";
		};
		BE1D193B1F8F111400B4ABC4 /* Controller */ = {
			isa = PBXGroup;
			children = (
				BE1D19871F8F490400B4ABC4 /* StudentTableViewController.h */,
				BE1D19881F8F490400B4ABC4 /* StudentTableViewController.m */,
				BE1D19891F8F490400B4ABC4 /* StudentTableViewController.xib */,
			);
			path = Controller;
			sourceTree = "<group>";
		};
		BE1D193C1F8F111400B4ABC4 /* Model */ = {
			isa = PBXGroup;
			children = (
			);
			path = Model;
			sourceTree = "<group>";
		};
		BE1D193D1F8F111400B4ABC4 /* View */ = {
			isa = PBXGroup;
			children = (
				BED6A8181F96009600FA0C62 /* StudentListCell.h */,
				BED6A8191F96009600FA0C62 /* StudentListCell.m */,
				BED6A81A1F96009600FA0C62 /* StudentListCell.xib */,
			);
			path = View;
			sourceTree = "<group>";
		};
		BE1D194B1F8F132700B4ABC4 /* LeftSlide */ = {
			isa = PBXGroup;
			children = (
				BE1D194C1F8F132700B4ABC4 /* Controller */,
				BE1D194D1F8F132700B4ABC4 /* Model */,
				BE1D194E1F8F132700B4ABC4 /* View */,
			);
			path = LeftSlide;
			sourceTree = "<group>";
		};
		BE1D194C1F8F132700B4ABC4 /* Controller */ = {
			isa = PBXGroup;
			children = (
				BE1D195E1F8F144D00B4ABC4 /* LeftViewController.h */,
				BE1D195F1F8F144D00B4ABC4 /* LeftViewController.m */,
				BE1D19601F8F144D00B4ABC4 /* LeftViewController.xib */,
			);
			path = Controller;
			sourceTree = "<group>";
		};
		BE1D194D1F8F132700B4ABC4 /* Model */ = {
			isa = PBXGroup;
			children = (
			);
			path = Model;
			sourceTree = "<group>";
		};
		BE1D194E1F8F132700B4ABC4 /* View */ = {
			isa = PBXGroup;
			children = (
			);
			path = View;
			sourceTree = "<group>";
		};
		BE1D194F1F8F134D00B4ABC4 /* LeftSlideViewController */ = {
			isa = PBXGroup;
			children = (
				BE1D19501F8F134D00B4ABC4 /* LeftSlideViewController.h */,
				BE1D19511F8F134D00B4ABC4 /* LeftSlideViewController.m */,
				BE1D19521F8F134D00B4ABC4 /* UIView_extra.h */,
				BE1D19531F8F134D00B4ABC4 /* UIView_extra.m */,
			);
			path = LeftSlideViewController;
			sourceTree = "<group>";
		};
		BE1D19911F8F59D800B4ABC4 /* LoginAndregistration */ = {
			isa = PBXGroup;
			children = (
				BE1D19921F8F59D800B4ABC4 /* LoginViewController.h */,
				BE1D19931F8F59D800B4ABC4 /* LoginViewController.m */,
				BE1D19941F8F59D800B4ABC4 /* LoginViewController.xib */,
				BE1D19971F8F5A2100B4ABC4 /* WelcomeViewController.h */,
				BE1D19981F8F5A2100B4ABC4 /* WelcomeViewController.m */,
				BE1D19991F8F5A2100B4ABC4 /* WelcomeViewController.xib */,
				BE1D199F1F8F5C5900B4ABC4 /* RegistrationViewController.h */,
				BE1D19A01F8F5C5900B4ABC4 /* RegistrationViewController.m */,
				BE1D19A11F8F5C5900B4ABC4 /* RegistrationViewController.xib */,
				BED6A80E1F935FB300FA0C62 /* RegistrationStudentViewController.h */,
				BED6A80F1F935FB300FA0C62 /* RegistrationStudentViewController.m */,
				BED6A8101F935FB300FA0C62 /* RegistrationStudentViewController.xib */,
			);
			path = LoginAndregistration;
			sourceTree = "<group>";
		};
		BE1D19A71F90599B00B4ABC4 /* Teacher */ = {
			isa = PBXGroup;
			children = (
				BE1D19A81F90599B00B4ABC4 /* Controller */,
				BE1D19A91F90599B00B4ABC4 /* Model */,
				BE1D19AA1F90599B00B4ABC4 /* View */,
			);
			path = Teacher;
			sourceTree = "<group>";
		};
		BE1D19A81F90599B00B4ABC4 /* Controller */ = {
			isa = PBXGroup;
			children = (
			);
			path = Controller;
			sourceTree = "<group>";
		};
		BE1D19A91F90599B00B4ABC4 /* Model */ = {
			isa = PBXGroup;
			children = (
			);
			path = Model;
			sourceTree = "<group>";
		};
		BE1D19AA1F90599B00B4ABC4 /* View */ = {
			isa = PBXGroup;
			children = (
			);
			path = View;
			sourceTree = "<group>";
		};
		BE1D19AB1F90599B00B4ABC4 /* User */ = {
			isa = PBXGroup;
			children = (
				BE1D19AC1F90599B00B4ABC4 /* Controller */,
				BE1D19AD1F90599B00B4ABC4 /* Model */,
				BE1D19AE1F90599B00B4ABC4 /* View */,
			);
			path = User;
			sourceTree = "<group>";
		};
		BE1D19AC1F90599B00B4ABC4 /* Controller */ = {
			isa = PBXGroup;
			children = (
			);
			path = Controller;
			sourceTree = "<group>";
		};
		BE1D19AD1F90599B00B4ABC4 /* Model */ = {
			isa = PBXGroup;
			children = (
			);
			path = Model;
			sourceTree = "<group>";
		};
		BE1D19AE1F90599B00B4ABC4 /* View */ = {
			isa = PBXGroup;
			children = (
			);
			path = View;
			sourceTree = "<group>";
		};
		BE1D19AF1F9059B700B4ABC4 /* Utlis */ = {
			isa = PBXGroup;
			children = (
				BED6A8131F95E10200FA0C62 /* Utlis.h */,
				BED6A8141F95E10200FA0C62 /* Utlis.m */,
			);
			path = Utlis;
			sourceTree = "<group>";
		};
		BE1DE8081F906D43009AB1B7 /* Homework */ = {
			isa = PBXGroup;
			children = (
				BE1DE8091F906D43009AB1B7 /* Controller */,
				BE1DE80A1F906D43009AB1B7 /* Model */,
				BE1DE80B1F906D43009AB1B7 /* View */,
			);
			path = Homework;
			sourceTree = "<group>";
		};
		BE1DE8091F906D43009AB1B7 /* Controller */ = {
			isa = PBXGroup;
			children = (
				BE1DE80F1F906DD6009AB1B7 /* HomeworkViewController.h */,
				BE1DE8101F906DD6009AB1B7 /* HomeworkViewController.m */,
			);
			path = Controller;
			sourceTree = "<group>";
		};
		BE1DE80A1F906D43009AB1B7 /* Model */ = {
			isa = PBXGroup;
			children = (
			);
			path = Model;
			sourceTree = "<group>";
		};
		BE1DE80B1F906D43009AB1B7 /* View */ = {
			isa = PBXGroup;
			children = (
			);
			path = View;
			sourceTree = "<group>";
		};
/* End PBXGroup section */

/* Begin PBXNativeTarget section */
		BE1D18CF1F8F0CF300B4ABC4 /* EnglishTeachingAPP */ = {
			isa = PBXNativeTarget;
			buildConfigurationList = BE1D18E71F8F0CF300B4ABC4 /* Build configuration list for PBXNativeTarget "EnglishTeachingAPP" */;
			buildPhases = (
				7793C67FDBAD8DA395402B77 /* [CP] Check Pods Manifest.lock */,
				BE1D18CC1F8F0CF300B4ABC4 /* Sources */,
				BE1D18CD1F8F0CF300B4ABC4 /* Frameworks */,
				BE1D18CE1F8F0CF300B4ABC4 /* Resources */,
				99D40FA85E7DC434FE4247F0 /* [CP] Embed Pods Frameworks */,
				A26243B3CAE441ECE25BEEC8 /* [CP] Copy Pods Resources */,
			);
			buildRules = (
			);
			dependencies = (
			);
			name = EnglishTeachingAPP;
			productName = EnglishTeachingAPP;
			productReference = BE1D18D01F8F0CF300B4ABC4 /* EnglishTeachingAPP.app */;
			productType = "com.apple.product-type.application";
		};
/* End PBXNativeTarget section */

/* Begin PBXProject section */
		BE1D18C81F8F0CF300B4ABC4 /* Project object */ = {
			isa = PBXProject;
			attributes = {
				LastUpgradeCheck = 0830;
				ORGANIZATIONNAME = will;
				TargetAttributes = {
					BE1D18CF1F8F0CF300B4ABC4 = {
						CreatedOnToolsVersion = 8.3.3;
						DevelopmentTeam = RY6LLVSEC8;
						ProvisioningStyle = Automatic;
					};
				};
			};
			buildConfigurationList = BE1D18CB1F8F0CF300B4ABC4 /* Build configuration list for PBXProject "EnglishTeachingAPP" */;
			compatibilityVersion = "Xcode 3.2";
			developmentRegion = English;
			hasScannedForEncodings = 0;
			knownRegions = (
				en,
				Base,
			);
			mainGroup = BE1D18C71F8F0CF300B4ABC4;
			productRefGroup = BE1D18D11F8F0CF300B4ABC4 /* Products */;
			projectDirPath = "";
			projectRoot = "";
			targets = (
				BE1D18CF1F8F0CF300B4ABC4 /* EnglishTeachingAPP */,
			);
		};
/* End PBXProject section */

/* Begin PBXResourcesBuildPhase section */
		BE1D18CE1F8F0CF300B4ABC4 /* Resources */ = {
			isa = PBXResourcesBuildPhase;
			buildActionMask = 2147483647;
			files = (
				BE1D19771F8F489800B4ABC4 /* SettingsTableViewController.xib in Resources */,
				BED6A8121F935FB300FA0C62 /* RegistrationStudentViewController.xib in Resources */,
				BE1D18E31F8F0CF300B4ABC4 /* LaunchScreen.storyboard in Resources */,
				BE1D19961F8F59D800B4ABC4 /* LoginViewController.xib in Resources */,
				BE1D19621F8F144D00B4ABC4 /* LeftViewController.xib in Resources */,
				BE1D199B1F8F5A2100B4ABC4 /* WelcomeViewController.xib in Resources */,
				BE1D19641F8F3A9E00B4ABC4 /* Assets.xcassets in Resources */,
				BED6A81C1F96009600FA0C62 /* StudentListCell.xib in Resources */,
				BE1D19B41F905F9E00B4ABC4 /* SettingInfoViewController.xib in Resources */,
				BE1D19811F8F48D700B4ABC4 /* GroupsTableViewController.xib in Resources */,
				BE1D19861F8F48E800B4ABC4 /* FriendTableViewController.xib in Resources */,
				BE1D18DE1F8F0CF300B4ABC4 /* Main.storyboard in Resources */,
				BE1D19A31F8F5C5900B4ABC4 /* RegistrationViewController.xib in Resources */,
				BE1D19721F8F487600B4ABC4 /* MessageTableViewController.xib in Resources */,
				BE1D19A51F8F69F700B4ABC4 /* Podfile in Resources */,
				BE1D198B1F8F490400B4ABC4 /* StudentTableViewController.xib in Resources */,
			);
			runOnlyForDeploymentPostprocessing = 0;
		};
/* End PBXResourcesBuildPhase section */

/* Begin PBXShellScriptBuildPhase section */
		7793C67FDBAD8DA395402B77 /* [CP] Check Pods Manifest.lock */ = {
			isa = PBXShellScriptBuildPhase;
			buildActionMask = 2147483647;
			files = (
			);
			inputPaths = (
				"${PODS_PODFILE_DIR_PATH}/Podfile.lock",
				"${PODS_ROOT}/Manifest.lock",
			);
			name = "[CP] Check Pods Manifest.lock";
			outputPaths = (
				"$(DERIVED_FILE_DIR)/Pods-EnglishTeachingAPP-checkManifestLockResult.txt",
			);
			runOnlyForDeploymentPostprocessing = 0;
			shellPath = /bin/sh;
			shellScript = "diff \"${PODS_PODFILE_DIR_PATH}/Podfile.lock\" \"${PODS_ROOT}/Manifest.lock\" > /dev/null\nif [ $? != 0 ] ; then\n    # print error to STDERR\n    echo \"error: The sandbox is not in sync with the Podfile.lock. Run 'pod install' or update your CocoaPods installation.\" >&2\n    exit 1\nfi\n# This output is used by Xcode 'outputs' to avoid re-running this script phase.\necho \"SUCCESS\" > \"${SCRIPT_OUTPUT_FILE_0}\"\n";
			showEnvVarsInLog = 0;
		};
		99D40FA85E7DC434FE4247F0 /* [CP] Embed Pods Frameworks */ = {
			isa = PBXShellScriptBuildPhase;
			buildActionMask = 2147483647;
			files = (
			);
			inputPaths = (
			);
			name = "[CP] Embed Pods Frameworks";
			outputPaths = (
			);
			runOnlyForDeploymentPostprocessing = 0;
			shellPath = /bin/sh;
			shellScript = "\"${SRCROOT}/Pods/Target Support Files/Pods-EnglishTeachingAPP/Pods-EnglishTeachingAPP-frameworks.sh\"\n";
			showEnvVarsInLog = 0;
		};
		A26243B3CAE441ECE25BEEC8 /* [CP] Copy Pods Resources */ = {
			isa = PBXShellScriptBuildPhase;
			buildActionMask = 2147483647;
			files = (
			);
			inputPaths = (
				"${SRCROOT}/Pods/Target Support Files/Pods-EnglishTeachingAPP/Pods-EnglishTeachingAPP-resources.sh",
				"${PODS_ROOT}/SVProgressHUD/SVProgressHUD/SVProgressHUD.bundle",
			);
			name = "[CP] Copy Pods Resources";
			outputPaths = (
				"${TARGET_BUILD_DIR}/${UNLOCALIZED_RESOURCES_FOLDER_PATH}",
			);
			runOnlyForDeploymentPostprocessing = 0;
			shellPath = /bin/sh;
			shellScript = "\"${SRCROOT}/Pods/Target Support Files/Pods-EnglishTeachingAPP/Pods-EnglishTeachingAPP-resources.sh\"\n";
			showEnvVarsInLog = 0;
		};
/* End PBXShellScriptBuildPhase section */

/* Begin PBXSourcesBuildPhase section */
		BE1D18CC1F8F0CF300B4ABC4 /* Sources */ = {
			isa = PBXSourcesBuildPhase;
			buildActionMask = 2147483647;
			files = (
				BE1D19761F8F489800B4ABC4 /* SettingsTableViewController.m in Sources */,
				BE1D19611F8F144D00B4ABC4 /* LeftViewController.m in Sources */,
				BE1D19711F8F487600B4ABC4 /* MessageTableViewController.m in Sources */,
				BE1D193E1F8F111400B4ABC4 /* MainTabbarController.m in Sources */,
				BE1D199A1F8F5A2100B4ABC4 /* WelcomeViewController.m in Sources */,
				BE1D198A1F8F490400B4ABC4 /* StudentTableViewController.m in Sources */,
				BE1D19A21F8F5C5900B4ABC4 /* RegistrationViewController.m in Sources */,
				BE1D19B71F90663A00B4ABC4 /* MainTableViewController.m in Sources */,
				BE1D196A1F8F476E00B4ABC4 /* MainNaviController.m in Sources */,
				BED6A8151F95E10200FA0C62 /* Utlis.m in Sources */,
				BE1DE8071F906C8F009AB1B7 /* HomeTabbarViewController.m in Sources */,
				BE1D19541F8F134D00B4ABC4 /* LeftSlideViewController.m in Sources */,
				BE1D19951F8F59D800B4ABC4 /* LoginViewController.m in Sources */,
				BE1DE8111F906DD6009AB1B7 /* HomeworkViewController.m in Sources */,
				BE1D19B31F905F9E00B4ABC4 /* SettingInfoViewController.m in Sources */,
				BE1D18D51F8F0CF300B4ABC4 /* main.m in Sources */,
				BED6A8111F935FB300FA0C62 /* RegistrationStudentViewController.m in Sources */,
				BE1D19801F8F48D700B4ABC4 /* GroupsTableViewController.m in Sources */,
				BE1D19851F8F48E800B4ABC4 /* FriendTableViewController.m in Sources */,
				BED6A80D1F90B5AB00FA0C62 /* RNFrostedSidebar.m in Sources */,
				BE1D19471F8F115A00B4ABC4 /* ShopViewController.m in Sources */,
				BED6A81B1F96009600FA0C62 /* StudentListCell.m in Sources */,
				BE1DE80E1F906D8E009AB1B7 /* RankingViewController.m in Sources */,
				BE1D19551F8F134D00B4ABC4 /* UIView_extra.m in Sources */,
				BE1D194A1F8F118100B4ABC4 /* HomeTableViewController.m in Sources */,
				BE1D19411F8F114500B4ABC4 /* AppDelegate.m in Sources */,
			);
			runOnlyForDeploymentPostprocessing = 0;
		};
/* End PBXSourcesBuildPhase section */

/* Begin PBXVariantGroup section */
		BE1D18DC1F8F0CF300B4ABC4 /* Main.storyboard */ = {
			isa = PBXVariantGroup;
			children = (
				BE1D18DD1F8F0CF300B4ABC4 /* Base */,
			);
			name = Main.storyboard;
			sourceTree = "<group>";
		};
		BE1D18E11F8F0CF300B4ABC4 /* LaunchScreen.storyboard */ = {
			isa = PBXVariantGroup;
			children = (
				BE1D18E21F8F0CF300B4ABC4 /* Base */,
			);
			name = LaunchScreen.storyboard;
			sourceTree = "<group>";
		};
/* End PBXVariantGroup section */

/* Begin XCBuildConfiguration section */
		BE1D18E51F8F0CF300B4ABC4 /* Debug */ = {
			isa = XCBuildConfiguration;
			buildSettings = {
				ALWAYS_SEARCH_USER_PATHS = NO;
				CLANG_ANALYZER_NONNULL = YES;
				CLANG_ANALYZER_NUMBER_OBJECT_CONVERSION = YES_AGGRESSIVE;
				CLANG_CXX_LANGUAGE_STANDARD = "gnu++0x";
				CLANG_CXX_LIBRARY = "libc++";
				CLANG_ENABLE_MODULES = YES;
				CLANG_ENABLE_OBJC_ARC = YES;
				CLANG_WARN_BOOL_CONVERSION = YES;
				CLANG_WARN_CONSTANT_CONVERSION = YES;
				CLANG_WARN_DIRECT_OBJC_ISA_USAGE = YES_ERROR;
				CLANG_WARN_DOCUMENTATION_COMMENTS = YES;
				CLANG_WARN_EMPTY_BODY = YES;
				CLANG_WARN_ENUM_CONVERSION = YES;
				CLANG_WARN_INFINITE_RECURSION = YES;
				CLANG_WARN_INT_CONVERSION = YES;
				CLANG_WARN_OBJC_ROOT_CLASS = YES_ERROR;
				CLANG_WARN_SUSPICIOUS_MOVE = YES;
				CLANG_WARN_UNREACHABLE_CODE = YES;
				CLANG_WARN__DUPLICATE_METHOD_MATCH = YES;
				"CODE_SIGN_IDENTITY[sdk=iphoneos*]" = "iPhone Developer";
				COPY_PHASE_STRIP = NO;
				DEBUG_INFORMATION_FORMAT = dwarf;
				ENABLE_STRICT_OBJC_MSGSEND = YES;
				ENABLE_TESTABILITY = YES;
				GCC_C_LANGUAGE_STANDARD = gnu99;
				GCC_DYNAMIC_NO_PIC = NO;
				GCC_NO_COMMON_BLOCKS = YES;
				GCC_OPTIMIZATION_LEVEL = 0;
				GCC_PREPROCESSOR_DEFINITIONS = (
					"DEBUG=1",
					"$(inherited)",
				);
				GCC_WARN_64_TO_32_BIT_CONVERSION = YES;
				GCC_WARN_ABOUT_RETURN_TYPE = YES_ERROR;
				GCC_WARN_UNDECLARED_SELECTOR = YES;
				GCC_WARN_UNINITIALIZED_AUTOS = YES_AGGRESSIVE;
				GCC_WARN_UNUSED_FUNCTION = YES;
				GCC_WARN_UNUSED_VARIABLE = YES;
				IPHONEOS_DEPLOYMENT_TARGET = 10.3;
				MTL_ENABLE_DEBUG_INFO = YES;
				ONLY_ACTIVE_ARCH = YES;
				SDKROOT = iphoneos;
				TARGETED_DEVICE_FAMILY = "1,2";
			};
			name = Debug;
		};
		BE1D18E61F8F0CF300B4ABC4 /* Release */ = {
			isa = XCBuildConfiguration;
			buildSettings = {
				ALWAYS_SEARCH_USER_PATHS = NO;
				CLANG_ANALYZER_NONNULL = YES;
				CLANG_ANALYZER_NUMBER_OBJECT_CONVERSION = YES_AGGRESSIVE;
				CLANG_CXX_LANGUAGE_STANDARD = "gnu++0x";
				CLANG_CXX_LIBRARY = "libc++";
				CLANG_ENABLE_MODULES = YES;
				CLANG_ENABLE_OBJC_ARC = YES;
				CLANG_WARN_BOOL_CONVERSION = YES;
				CLANG_WARN_CONSTANT_CONVERSION = YES;
				CLANG_WARN_DIRECT_OBJC_ISA_USAGE = YES_ERROR;
				CLANG_WARN_DOCUMENTATION_COMMENTS = YES;
				CLANG_WARN_EMPTY_BODY = YES;
				CLANG_WARN_ENUM_CONVERSION = YES;
				CLANG_WARN_INFINITE_RECURSION = YES;
				CLANG_WARN_INT_CONVERSION = YES;
				CLANG_WARN_OBJC_ROOT_CLASS = YES_ERROR;
				CLANG_WARN_SUSPICIOUS_MOVE = YES;
				CLANG_WARN_UNREACHABLE_CODE = YES;
				CLANG_WARN__DUPLICATE_METHOD_MATCH = YES;
				"CODE_SIGN_IDENTITY[sdk=iphoneos*]" = "iPhone Developer";
				COPY_PHASE_STRIP = NO;
				DEBUG_INFORMATION_FORMAT = "dwarf-with-dsym";
				ENABLE_NS_ASSERTIONS = NO;
				ENABLE_STRICT_OBJC_MSGSEND = YES;
				GCC_C_LANGUAGE_STANDARD = gnu99;
				GCC_NO_COMMON_BLOCKS = YES;
				GCC_WARN_64_TO_32_BIT_CONVERSION = YES;
				GCC_WARN_ABOUT_RETURN_TYPE = YES_ERROR;
				GCC_WARN_UNDECLARED_SELECTOR = YES;
				GCC_WARN_UNINITIALIZED_AUTOS = YES_AGGRESSIVE;
				GCC_WARN_UNUSED_FUNCTION = YES;
				GCC_WARN_UNUSED_VARIABLE = YES;
				IPHONEOS_DEPLOYMENT_TARGET = 10.3;
				MTL_ENABLE_DEBUG_INFO = NO;
				SDKROOT = iphoneos;
				TARGETED_DEVICE_FAMILY = "1,2";
				VALIDATE_PRODUCT = YES;
			};
			name = Release;
		};
		BE1D18E81F8F0CF300B4ABC4 /* Debug */ = {
			isa = XCBuildConfiguration;
			baseConfigurationReference = 11EB39BA1CF9C0C1549869A3 /* Pods-EnglishTeachingAPP.debug.xcconfig */;
			buildSettings = {
				ASSETCATALOG_COMPILER_APPICON_NAME = AppIcon;
				DEVELOPMENT_TEAM = RY6LLVSEC8;
				GCC_PRECOMPILE_PREFIX_HEADER = YES;
				GCC_PREFIX_HEADER = EnglishTeachingAPP/PrefixHeader.pch;
				INFOPLIST_FILE = EnglishTeachingAPP/Info.plist;
				LD_RUNPATH_SEARCH_PATHS = "$(inherited) @executable_path/Frameworks";
				PRODUCT_BUNDLE_IDENTIFIER = com.will.EnglishTeachingAPP;
				PRODUCT_NAME = "$(TARGET_NAME)";
			};
			name = Debug;
		};
		BE1D18E91F8F0CF300B4ABC4 /* Release */ = {
			isa = XCBuildConfiguration;
			baseConfigurationReference = 94893A3FA1D005E525B6A1F2 /* Pods-EnglishTeachingAPP.release.xcconfig */;
			buildSettings = {
				ASSETCATALOG_COMPILER_APPICON_NAME = AppIcon;
				DEVELOPMENT_TEAM = RY6LLVSEC8;
				GCC_PRECOMPILE_PREFIX_HEADER = YES;
				GCC_PREFIX_HEADER = EnglishTeachingAPP/PrefixHeader.pch;
				INFOPLIST_FILE = EnglishTeachingAPP/Info.plist;
				LD_RUNPATH_SEARCH_PATHS = "$(inherited) @executable_path/Frameworks";
				PRODUCT_BUNDLE_IDENTIFIER = com.will.EnglishTeachingAPP;
				PRODUCT_NAME = "$(TARGET_NAME)";
			};
			name = Release;
		};
/* End XCBuildConfiguration section */

/* Begin XCConfigurationList section */
		BE1D18CB1F8F0CF300B4ABC4 /* Build configuration list for PBXProject "EnglishTeachingAPP" */ = {
			isa = XCConfigurationList;
			buildConfigurations = (
				BE1D18E51F8F0CF300B4ABC4 /* Debug */,
				BE1D18E61F8F0CF300B4ABC4 /* Release */,
			);
			defaultConfigurationIsVisible = 0;
			defaultConfigurationName = Release;
		};
		BE1D18E71F8F0CF300B4ABC4 /* Build configuration list for PBXNativeTarget "EnglishTeachingAPP" */ = {
			isa = XCConfigurationList;
			buildConfigurations = (
				BE1D18E81F8F0CF300B4ABC4 /* Debug */,
				BE1D18E91F8F0CF300B4ABC4 /* Release */,
			);
			defaultConfigurationIsVisible = 0;
			defaultConfigurationName = Release;
		};
/* End XCConfigurationList section */
	};
	rootObject = BE1D18C81F8F0CF300B4ABC4 /* Project object */;
}
