// !$*UTF8*$!
{
	archiveVersion = 1;
	classes = {
	};
	objectVersion = 46;
	objects = {

/* Begin PBXBuildFile section */
		BE1D18D51F8F0CF300B4ABC4 /* main.m in Sources */ = {isa = PBXBuildFile; fileRef = BE1D18D41F8F0CF300B4ABC4 /* main.m */; };
		BE1D18DE1F8F0CF300B4ABC4 /* Main.storyboard in Resources */ = {isa = PBXBuildFile; fileRef = BE1D18DC1F8F0CF300B4ABC4 /* Main.storyboard */; };
		BE1D18E01F8F0CF300B4ABC4 /* Assets.xcassets in Resources */ = {isa = PBXBuildFile; fileRef = BE1D18DF1F8F0CF300B4ABC4 /* Assets.xcassets */; };
		BE1D18E31F8F0CF300B4ABC4 /* LaunchScreen.storyboard in Resources */ = {isa = PBXBuildFile; fileRef = BE1D18E11F8F0CF300B4ABC4 /* LaunchScreen.storyboard */; };
		BE1D19121F8F100300B4ABC4 /* AppDelegate.m in Sources */ = {isa = PBXBuildFile; fileRef = BE1D18F81F8F100300B4ABC4 /* AppDelegate.m */; };
		BE1D19131F8F100300B4ABC4 /* MainTabbarController.m in Sources */ = {isa = PBXBuildFile; fileRef = BE1D18FB1F8F100300B4ABC4 /* MainTabbarController.m */; };
/* End PBXBuildFile section */

/* Begin PBXFileReference section */
		BE1D18D01F8F0CF300B4ABC4 /* EnglishTeachingAPP.app */ = {isa = PBXFileReference; explicitFileType = wrapper.application; includeInIndex = 0; path = EnglishTeachingAPP.app; sourceTree = BUILT_PRODUCTS_DIR; };
		BE1D18D41F8F0CF300B4ABC4 /* main.m */ = {isa = PBXFileReference; lastKnownFileType = sourcecode.c.objc; path = main.m; sourceTree = "<group>"; };
		BE1D18DD1F8F0CF300B4ABC4 /* Base */ = {isa = PBXFileReference; lastKnownFileType = file.storyboard; name = Base; path = Base.lproj/Main.storyboard; sourceTree = "<group>"; };
		BE1D18DF1F8F0CF300B4ABC4 /* Assets.xcassets */ = {isa = PBXFileReference; lastKnownFileType = folder.assetcatalog; path = Assets.xcassets; sourceTree = "<group>"; };
		BE1D18E21F8F0CF300B4ABC4 /* Base */ = {isa = PBXFileReference; lastKnownFileType = file.storyboard; name = Base; path = Base.lproj/LaunchScreen.storyboard; sourceTree = "<group>"; };
		BE1D18E41F8F0CF300B4ABC4 /* Info.plist */ = {isa = PBXFileReference; lastKnownFileType = text.plist.xml; path = Info.plist; sourceTree = "<group>"; };
		BE1D18F71F8F100300B4ABC4 /* AppDelegate.h */ = {isa = PBXFileReference; fileEncoding = 4; lastKnownFileType = sourcecode.c.h; path = AppDelegate.h; sourceTree = "<group>"; };
		BE1D18F81F8F100300B4ABC4 /* AppDelegate.m */ = {isa = PBXFileReference; fileEncoding = 4; lastKnownFileType = sourcecode.c.objc; path = AppDelegate.m; sourceTree = "<group>"; };
		BE1D18FA1F8F100300B4ABC4 /* MainTabbarController.h */ = {isa = PBXFileReference; fileEncoding = 4; lastKnownFileType = sourcecode.c.h; path = MainTabbarController.h; sourceTree = "<group>"; };
		BE1D18FB1F8F100300B4ABC4 /* MainTabbarController.m */ = {isa = PBXFileReference; fileEncoding = 4; lastKnownFileType = sourcecode.c.objc; path = MainTabbarController.m; sourceTree = "<group>"; };
/* End PBXFileReference section */

/* Begin PBXFrameworksBuildPhase section */
		BE1D18CD1F8F0CF300B4ABC4 /* Frameworks */ = {
			isa = PBXFrameworksBuildPhase;
			buildActionMask = 2147483647;
			files = (
			);
			runOnlyForDeploymentPostprocessing = 0;
		};
/* End PBXFrameworksBuildPhase section */

/* Begin PBXGroup section */
		BE1D18C71F8F0CF300B4ABC4 = {
			isa = PBXGroup;
			children = (
				BE1D18D21F8F0CF300B4ABC4 /* EnglishTeachingAPP */,
				BE1D18D11F8F0CF300B4ABC4 /* Products */,
			);
			sourceTree = "<group>";
		};
		BE1D18D11F8F0CF300B4ABC4 /* Products */ = {
			isa = PBXGroup;
			children = (
				BE1D18D01F8F0CF300B4ABC4 /* EnglishTeachingAPP.app */,
			);
			name = Products;
			sourceTree = "<group>";
		};
		BE1D18D21F8F0CF300B4ABC4 /* EnglishTeachingAPP */ = {
			isa = PBXGroup;
			children = (
				BE1D19141F8F101500B4ABC4 /* 3rdFrame */,
				BE1D18ED1F8F100300B4ABC4 /* Classes */,
				BE1D18D31F8F0CF300B4ABC4 /* Supporting Files */,
			);
			path = EnglishTeachingAPP;
			sourceTree = "<group>";
		};
		BE1D18D31F8F0CF300B4ABC4 /* Supporting Files */ = {
			isa = PBXGroup;
			children = (
				BE1D18DC1F8F0CF300B4ABC4 /* Main.storyboard */,
				BE1D18DF1F8F0CF300B4ABC4 /* Assets.xcassets */,
				BE1D18E11F8F0CF300B4ABC4 /* LaunchScreen.storyboard */,
				BE1D18E41F8F0CF300B4ABC4 /* Info.plist */,
				BE1D18D41F8F0CF300B4ABC4 /* main.m */,
			);
			name = "Supporting Files";
			sourceTree = "<group>";
		};
		BE1D18ED1F8F100300B4ABC4 /* Classes */ = {
			isa = PBXGroup;
			children = (
				BE1D18EE1F8F100300B4ABC4 /* FriendList */,
				BE1D18F21F8F100300B4ABC4 /* GroupList */,
				BE1D18F61F8F100300B4ABC4 /* Main */,
				BE1D18FE1F8F100300B4ABC4 /* MessageList */,
				BE1D19021F8F100300B4ABC4 /* RankingList */,
				BE1D19061F8F100300B4ABC4 /* Setting */,
				BE1D190A1F8F100300B4ABC4 /* Shop */,
				BE1D190E1F8F100300B4ABC4 /* StudentList */,
			);
			path = Classes;
			sourceTree = "<group>";
		};
		BE1D18EE1F8F100300B4ABC4 /* FriendList */ = {
			isa = PBXGroup;
			children = (
				BE1D18EF1F8F100300B4ABC4 /* Controller */,
				BE1D18F01F8F100300B4ABC4 /* Model */,
				BE1D18F11F8F100300B4ABC4 /* View */,
			);
			path = FriendList;
			sourceTree = "<group>";
		};
		BE1D18EF1F8F100300B4ABC4 /* Controller */ = {
			isa = PBXGroup;
			children = (
			);
			path = Controller;
			sourceTree = "<group>";
		};
		BE1D18F01F8F100300B4ABC4 /* Model */ = {
			isa = PBXGroup;
			children = (
			);
			path = Model;
			sourceTree = "<group>";
		};
		BE1D18F11F8F100300B4ABC4 /* View */ = {
			isa = PBXGroup;
			children = (
			);
			path = View;
			sourceTree = "<group>";
		};
		BE1D18F21F8F100300B4ABC4 /* GroupList */ = {
			isa = PBXGroup;
			children = (
				BE1D18F31F8F100300B4ABC4 /* Controller */,
				BE1D18F41F8F100300B4ABC4 /* Model */,
				BE1D18F51F8F100300B4ABC4 /* View */,
			);
			path = GroupList;
			sourceTree = "<group>";
		};
		BE1D18F31F8F100300B4ABC4 /* Controller */ = {
			isa = PBXGroup;
			children = (
			);
			path = Controller;
			sourceTree = "<group>";
		};
		BE1D18F41F8F100300B4ABC4 /* Model */ = {
			isa = PBXGroup;
			children = (
			);
			path = Model;
			sourceTree = "<group>";
		};
		BE1D18F51F8F100300B4ABC4 /* View */ = {
			isa = PBXGroup;
			children = (
			);
			path = View;
			sourceTree = "<group>";
		};
		BE1D18F61F8F100300B4ABC4 /* Main */ = {
			isa = PBXGroup;
			children = (
				BE1D18F71F8F100300B4ABC4 /* AppDelegate.h */,
				BE1D18F81F8F100300B4ABC4 /* AppDelegate.m */,
				BE1D18F91F8F100300B4ABC4 /* Controller */,
				BE1D18FC1F8F100300B4ABC4 /* Model */,
				BE1D18FD1F8F100300B4ABC4 /* View */,
			);
			path = Main;
			sourceTree = "<group>";
		};
		BE1D18F91F8F100300B4ABC4 /* Controller */ = {
			isa = PBXGroup;
			children = (
				BE1D18FA1F8F100300B4ABC4 /* MainTabbarController.h */,
				BE1D18FB1F8F100300B4ABC4 /* MainTabbarController.m */,
			);
			path = Controller;
			sourceTree = "<group>";
		};
		BE1D18FC1F8F100300B4ABC4 /* Model */ = {
			isa = PBXGroup;
			children = (
			);
			path = Model;
			sourceTree = "<group>";
		};
		BE1D18FD1F8F100300B4ABC4 /* View */ = {
			isa = PBXGroup;
			children = (
			);
			path = View;
			sourceTree = "<group>";
		};
		BE1D18FE1F8F100300B4ABC4 /* MessageList */ = {
			isa = PBXGroup;
			children = (
				BE1D18FF1F8F100300B4ABC4 /* Controller */,
				BE1D19001F8F100300B4ABC4 /* Model */,
				BE1D19011F8F100300B4ABC4 /* View */,
			);
			path = MessageList;
			sourceTree = "<group>";
		};
		BE1D18FF1F8F100300B4ABC4 /* Controller */ = {
			isa = PBXGroup;
			children = (
			);
			path = Controller;
			sourceTree = "<group>";
		};
		BE1D19001F8F100300B4ABC4 /* Model */ = {
			isa = PBXGroup;
			children = (
			);
			path = Model;
			sourceTree = "<group>";
		};
		BE1D19011F8F100300B4ABC4 /* View */ = {
			isa = PBXGroup;
			children = (
			);
			path = View;
			sourceTree = "<group>";
		};
		BE1D19021F8F100300B4ABC4 /* RankingList */ = {
			isa = PBXGroup;
			children = (
				BE1D19031F8F100300B4ABC4 /* Controller */,
				BE1D19041F8F100300B4ABC4 /* Model */,
				BE1D19051F8F100300B4ABC4 /* View */,
			);
			path = RankingList;
			sourceTree = "<group>";
		};
		BE1D19031F8F100300B4ABC4 /* Controller */ = {
			isa = PBXGroup;
			children = (
			);
			path = Controller;
			sourceTree = "<group>";
		};
		BE1D19041F8F100300B4ABC4 /* Model */ = {
			isa = PBXGroup;
			children = (
			);
			path = Model;
			sourceTree = "<group>";
		};
		BE1D19051F8F100300B4ABC4 /* View */ = {
			isa = PBXGroup;
			children = (
			);
			path = View;
			sourceTree = "<group>";
		};
		BE1D19061F8F100300B4ABC4 /* Setting */ = {
			isa = PBXGroup;
			children = (
				BE1D19071F8F100300B4ABC4 /* Controller */,
				BE1D19081F8F100300B4ABC4 /* Model */,
				BE1D19091F8F100300B4ABC4 /* View */,
			);
			path = Setting;
			sourceTree = "<group>";
		};
		BE1D19071F8F100300B4ABC4 /* Controller */ = {
			isa = PBXGroup;
			children = (
			);
			path = Controller;
			sourceTree = "<group>";
		};
		BE1D19081F8F100300B4ABC4 /* Model */ = {
			isa = PBXGroup;
			children = (
			);
			path = Model;
			sourceTree = "<group>";
		};
		BE1D19091F8F100300B4ABC4 /* View */ = {
			isa = PBXGroup;
			children = (
			);
			path = View;
			sourceTree = "<group>";
		};
		BE1D190A1F8F100300B4ABC4 /* Shop */ = {
			isa = PBXGroup;
			children = (
				BE1D190B1F8F100300B4ABC4 /* Controller */,
				BE1D190C1F8F100300B4ABC4 /* Model */,
				BE1D190D1F8F100300B4ABC4 /* View */,
			);
			path = Shop;
			sourceTree = "<group>";
		};
		BE1D190B1F8F100300B4ABC4 /* Controller */ = {
			isa = PBXGroup;
			children = (
			);
			path = Controller;
			sourceTree = "<group>";
		};
		BE1D190C1F8F100300B4ABC4 /* Model */ = {
			isa = PBXGroup;
			children = (
			);
			path = Model;
			sourceTree = "<group>";
		};
		BE1D190D1F8F100300B4ABC4 /* View */ = {
			isa = PBXGroup;
			children = (
			);
			path = View;
			sourceTree = "<group>";
		};
		BE1D190E1F8F100300B4ABC4 /* StudentList */ = {
			isa = PBXGroup;
			children = (
				BE1D190F1F8F100300B4ABC4 /* Controller */,
				BE1D19101F8F100300B4ABC4 /* Model */,
				BE1D19111F8F100300B4ABC4 /* View */,
			);
			path = StudentList;
			sourceTree = "<group>";
		};
		BE1D190F1F8F100300B4ABC4 /* Controller */ = {
			isa = PBXGroup;
			children = (
			);
			path = Controller;
			sourceTree = "<group>";
		};
		BE1D19101F8F100300B4ABC4 /* Model */ = {
			isa = PBXGroup;
			children = (
			);
			path = Model;
			sourceTree = "<group>";
		};
		BE1D19111F8F100300B4ABC4 /* View */ = {
			isa = PBXGroup;
			children = (
			);
			path = View;
			sourceTree = "<group>";
		};
		BE1D19141F8F101500B4ABC4 /* 3rdFrame */ = {
			isa = PBXGroup;
			children = (
			);
			path = 3rdFrame;
			sourceTree = "<group>";
		};
/* End PBXGroup section */

/* Begin PBXNativeTarget section */
		BE1D18CF1F8F0CF300B4ABC4 /* EnglishTeachingAPP */ = {
			isa = PBXNativeTarget;
			buildConfigurationList = BE1D18E71F8F0CF300B4ABC4 /* Build configuration list for PBXNativeTarget "EnglishTeachingAPP" */;
			buildPhases = (
				BE1D18CC1F8F0CF300B4ABC4 /* Sources */,
				BE1D18CD1F8F0CF300B4ABC4 /* Frameworks */,
				BE1D18CE1F8F0CF300B4ABC4 /* Resources */,
			);
			buildRules = (
			);
			dependencies = (
			);
			name = EnglishTeachingAPP;
			productName = EnglishTeachingAPP;
			productReference = BE1D18D01F8F0CF300B4ABC4 /* EnglishTeachingAPP.app */;
			productType = "com.apple.product-type.application";
		};
/* End PBXNativeTarget section */

/* Begin PBXProject section */
		BE1D18C81F8F0CF300B4ABC4 /* Project object */ = {
			isa = PBXProject;
			attributes = {
				LastUpgradeCheck = 0830;
				ORGANIZATIONNAME = will;
				TargetAttributes = {
					BE1D18CF1F8F0CF300B4ABC4 = {
						CreatedOnToolsVersion = 8.3.3;
						DevelopmentTeam = RY6LLVSEC8;
						ProvisioningStyle = Automatic;
					};
				};
			};
			buildConfigurationList = BE1D18CB1F8F0CF300B4ABC4 /* Build configuration list for PBXProject "EnglishTeachingAPP" */;
			compatibilityVersion = "Xcode 3.2";
			developmentRegion = English;
			hasScannedForEncodings = 0;
			knownRegions = (
				en,
				Base,
			);
			mainGroup = BE1D18C71F8F0CF300B4ABC4;
			productRefGroup = BE1D18D11F8F0CF300B4ABC4 /* Products */;
			projectDirPath = "";
			projectRoot = "";
			targets = (
				BE1D18CF1F8F0CF300B4ABC4 /* EnglishTeachingAPP */,
			);
		};
/* End PBXProject section */

/* Begin PBXResourcesBuildPhase section */
		BE1D18CE1F8F0CF300B4ABC4 /* Resources */ = {
			isa = PBXResourcesBuildPhase;
			buildActionMask = 2147483647;
			files = (
				BE1D18E31F8F0CF300B4ABC4 /* LaunchScreen.storyboard in Resources */,
				BE1D18E01F8F0CF300B4ABC4 /* Assets.xcassets in Resources */,
				BE1D18DE1F8F0CF300B4ABC4 /* Main.storyboard in Resources */,
			);
			runOnlyForDeploymentPostprocessing = 0;
		};
/* End PBXResourcesBuildPhase section */

/* Begin PBXSourcesBuildPhase section */
		BE1D18CC1F8F0CF300B4ABC4 /* Sources */ = {
			isa = PBXSourcesBuildPhase;
			buildActionMask = 2147483647;
			files = (
				BE1D19131F8F100300B4ABC4 /* MainTabbarController.m in Sources */,
				BE1D19121F8F100300B4ABC4 /* AppDelegate.m in Sources */,
				BE1D18D51F8F0CF300B4ABC4 /* main.m in Sources */,
			);
			runOnlyForDeploymentPostprocessing = 0;
		};
/* End PBXSourcesBuildPhase section */

/* Begin PBXVariantGroup section */
		BE1D18DC1F8F0CF300B4ABC4 /* Main.storyboard */ = {
			isa = PBXVariantGroup;
			children = (
				BE1D18DD1F8F0CF300B4ABC4 /* Base */,
			);
			name = Main.storyboard;
			sourceTree = "<group>";
		};
		BE1D18E11F8F0CF300B4ABC4 /* LaunchScreen.storyboard */ = {
			isa = PBXVariantGroup;
			children = (
				BE1D18E21F8F0CF300B4ABC4 /* Base */,
			);
			name = LaunchScreen.storyboard;
			sourceTree = "<group>";
		};
/* End PBXVariantGroup section */

/* Begin XCBuildConfiguration section */
		BE1D18E51F8F0CF300B4ABC4 /* Debug */ = {
			isa = XCBuildConfiguration;
			buildSettings = {
				ALWAYS_SEARCH_USER_PATHS = NO;
				CLANG_ANALYZER_NONNULL = YES;
				CLANG_ANALYZER_NUMBER_OBJECT_CONVERSION = YES_AGGRESSIVE;
				CLANG_CXX_LANGUAGE_STANDARD = "gnu++0x";
				CLANG_CXX_LIBRARY = "libc++";
				CLANG_ENABLE_MODULES = YES;
				CLANG_ENABLE_OBJC_ARC = YES;
				CLANG_WARN_BOOL_CONVERSION = YES;
				CLANG_WARN_CONSTANT_CONVERSION = YES;
				CLANG_WARN_DIRECT_OBJC_ISA_USAGE = YES_ERROR;
				CLANG_WARN_DOCUMENTATION_COMMENTS = YES;
				CLANG_WARN_EMPTY_BODY = YES;
				CLANG_WARN_ENUM_CONVERSION = YES;
				CLANG_WARN_INFINITE_RECURSION = YES;
				CLANG_WARN_INT_CONVERSION = YES;
				CLANG_WARN_OBJC_ROOT_CLASS = YES_ERROR;
				CLANG_WARN_SUSPICIOUS_MOVE = YES;
				CLANG_WARN_UNREACHABLE_CODE = YES;
				CLANG_WARN__DUPLICATE_METHOD_MATCH = YES;
				"CODE_SIGN_IDENTITY[sdk=iphoneos*]" = "iPhone Developer";
				COPY_PHASE_STRIP = NO;
				DEBUG_INFORMATION_FORMAT = dwarf;
				ENABLE_STRICT_OBJC_MSGSEND = YES;
				ENABLE_TESTABILITY = YES;
				GCC_C_LANGUAGE_STANDARD = gnu99;
				GCC_DYNAMIC_NO_PIC = NO;
				GCC_NO_COMMON_BLOCKS = YES;
				GCC_OPTIMIZATION_LEVEL = 0;
				GCC_PREPROCESSOR_DEFINITIONS = (
					"DEBUG=1",
					"$(inherited)",
				);
				GCC_WARN_64_TO_32_BIT_CONVERSION = YES;
				GCC_WARN_ABOUT_RETURN_TYPE = YES_ERROR;
				GCC_WARN_UNDECLARED_SELECTOR = YES;
				GCC_WARN_UNINITIALIZED_AUTOS = YES_AGGRESSIVE;
				GCC_WARN_UNUSED_FUNCTION = YES;
				GCC_WARN_UNUSED_VARIABLE = YES;
				IPHONEOS_DEPLOYMENT_TARGET = 10.3;
				MTL_ENABLE_DEBUG_INFO = YES;
				ONLY_ACTIVE_ARCH = YES;
				SDKROOT = iphoneos;
				TARGETED_DEVICE_FAMILY = "1,2";
			};
			name = Debug;
		};
		BE1D18E61F8F0CF300B4ABC4 /* Release */ = {
			isa = XCBuildConfiguration;
			buildSettings = {
				ALWAYS_SEARCH_USER_PATHS = NO;
				CLANG_ANALYZER_NONNULL = YES;
				CLANG_ANALYZER_NUMBER_OBJECT_CONVERSION = YES_AGGRESSIVE;
				CLANG_CXX_LANGUAGE_STANDARD = "gnu++0x";
				CLANG_CXX_LIBRARY = "libc++";
				CLANG_ENABLE_MODULES = YES;
				CLANG_ENABLE_OBJC_ARC = YES;
				CLANG_WARN_BOOL_CONVERSION = YES;
				CLANG_WARN_CONSTANT_CONVERSION = YES;
				CLANG_WARN_DIRECT_OBJC_ISA_USAGE = YES_ERROR;
				CLANG_WARN_DOCUMENTATION_COMMENTS = YES;
				CLANG_WARN_EMPTY_BODY = YES;
				CLANG_WARN_ENUM_CONVERSION = YES;
				CLANG_WARN_INFINITE_RECURSION = YES;
				CLANG_WARN_INT_CONVERSION = YES;
				CLANG_WARN_OBJC_ROOT_CLASS = YES_ERROR;
				CLANG_WARN_SUSPICIOUS_MOVE = YES;
				CLANG_WARN_UNREACHABLE_CODE = YES;
				CLANG_WARN__DUPLICATE_METHOD_MATCH = YES;
				"CODE_SIGN_IDENTITY[sdk=iphoneos*]" = "iPhone Developer";
				COPY_PHASE_STRIP = NO;
				DEBUG_INFORMATION_FORMAT = "dwarf-with-dsym";
				ENABLE_NS_ASSERTIONS = NO;
				ENABLE_STRICT_OBJC_MSGSEND = YES;
				GCC_C_LANGUAGE_STANDARD = gnu99;
				GCC_NO_COMMON_BLOCKS = YES;
				GCC_WARN_64_TO_32_BIT_CONVERSION = YES;
				GCC_WARN_ABOUT_RETURN_TYPE = YES_ERROR;
				GCC_WARN_UNDECLARED_SELECTOR = YES;
				GCC_WARN_UNINITIALIZED_AUTOS = YES_AGGRESSIVE;
				GCC_WARN_UNUSED_FUNCTION = YES;
				GCC_WARN_UNUSED_VARIABLE = YES;
				IPHONEOS_DEPLOYMENT_TARGET = 10.3;
				MTL_ENABLE_DEBUG_INFO = NO;
				SDKROOT = iphoneos;
				TARGETED_DEVICE_FAMILY = "1,2";
				VALIDATE_PRODUCT = YES;
			};
			name = Release;
		};
		BE1D18E81F8F0CF300B4ABC4 /* Debug */ = {
			isa = XCBuildConfiguration;
			buildSettings = {
				ASSETCATALOG_COMPILER_APPICON_NAME = AppIcon;
				DEVELOPMENT_TEAM = RY6LLVSEC8;
				INFOPLIST_FILE = EnglishTeachingAPP/Info.plist;
				LD_RUNPATH_SEARCH_PATHS = "$(inherited) @executable_path/Frameworks";
				PRODUCT_BUNDLE_IDENTIFIER = com.will.EnglishTeachingAPP;
				PRODUCT_NAME = "$(TARGET_NAME)";
			};
			name = Debug;
		};
		BE1D18E91F8F0CF300B4ABC4 /* Release */ = {
			isa = XCBuildConfiguration;
			buildSettings = {
				ASSETCATALOG_COMPILER_APPICON_NAME = AppIcon;
				DEVELOPMENT_TEAM = RY6LLVSEC8;
				INFOPLIST_FILE = EnglishTeachingAPP/Info.plist;
				LD_RUNPATH_SEARCH_PATHS = "$(inherited) @executable_path/Frameworks";
				PRODUCT_BUNDLE_IDENTIFIER = com.will.EnglishTeachingAPP;
				PRODUCT_NAME = "$(TARGET_NAME)";
			};
			name = Release;
		};
/* End XCBuildConfiguration section */

/* Begin XCConfigurationList section */
		BE1D18CB1F8F0CF300B4ABC4 /* Build configuration list for PBXProject "EnglishTeachingAPP" */ = {
			isa = XCConfigurationList;
			buildConfigurations = (
				BE1D18E51F8F0CF300B4ABC4 /* Debug */,
				BE1D18E61F8F0CF300B4ABC4 /* Release */,
			);
			defaultConfigurationIsVisible = 0;
			defaultConfigurationName = Release;
		};
		BE1D18E71F8F0CF300B4ABC4 /* Build configuration list for PBXNativeTarget "EnglishTeachingAPP" */ = {
			isa = XCConfigurationList;
			buildConfigurations = (
				BE1D18E81F8F0CF300B4ABC4 /* Debug */,
				BE1D18E91F8F0CF300B4ABC4 /* Release */,
			);
			defaultConfigurationIsVisible = 0;
		};
/* End XCConfigurationList section */
	};
	rootObject = BE1D18C81F8F0CF300B4ABC4 /* Project object */;
}
